
Microsoft Visual Studio Solution File, Format Version 12.00
# Visual Studio Version 16
VisualStudioVersion = 16.0.30204.135
MinimumVisualStudioVersion = 10.0.40219.1
Project("{9092AA53-FB77-4645-B42D-1CCCA6BD08BD}") = "NodejsConsoleApp1", "NodejsConsoleApp1.njsproj", "{DE4CAF1B-D125-4E2D-A398-01E08B9ED54E}"
EndProject
Global
	GlobalSection(SolutionConfigurationPlatforms) = preSolution
		Debug|Any CPU = Debug|Any CPU
		Release|Any CPU = Release|Any CPU
	EndGlobalSection
	GlobalSection(ProjectConfigurationPlatforms) = postSolution
		{DE4CAF1B-D125-4E2D-A398-01E08B9ED54E}.Debug|Any CPU.ActiveCfg = Debug|Any CPU
		{DE4CAF1B-D125-4E2D-A398-01E08B9ED54E}.Debug|Any CPU.Build.0 = Debug|Any CPU
		{DE4CAF1B-D125-4E2D-A398-01E08B9ED54E}.Release|Any CPU.ActiveCfg = Release|Any CPU
		{DE4CAF1B-D125-4E2D-A398-01E08B9ED54E}.Release|Any CPU.Build.0 = Release|Any CPU
	EndGlobalSection
	GlobalSection(SolutionProperties) = preSolution
		HideSolutionNode = FALSE
	EndGlobalSection
	GlobalSection(ExtensibilityGlobals) = postSolution
		SolutionGuid = {E114D8F2-DEE4-4D7A-B21F-F6F78C4F764B}
	EndGlobalSection
EndGlobal
